
Microsoft Visual Studio Solution File, Format Version 12.00
# Visual Studio 15
VisualStudioVersion = 15.0.27703.2042
MinimumVisualStudioVersion = 10.0.40219.1
Project("{FAE04EC0-301F-11D3-BF4B-00C04F79EFBC}") = "ExamWork", "ExamWork\ExamWork.csproj", "{CB85DA60-6F8C-49C1-8E5F-0448DF18471E}"
EndProject
Global
	GlobalSection(SolutionConfigurationPlatforms) = preSolution
		Debug|Any CPU = Debug|Any CPU
		Release|Any CPU = Release|Any CPU
	EndGlobalSection
	GlobalSection(ProjectConfigurationPlatforms) = postSolution
		{CB85DA60-6F8C-49C1-8E5F-0448DF18471E}.Debug|Any CPU.ActiveCfg = Debug|Any CPU
		{CB85DA60-6F8C-49C1-8E5F-0448DF18471E}.Debug|Any CPU.Build.0 = Debug|Any CPU
		{CB85DA60-6F8C-49C1-8E5F-0448DF18471E}.Release|Any CPU.ActiveCfg = Release|Any CPU
		{CB85DA60-6F8C-49C1-8E5F-0448DF18471E}.Release|Any CPU.Build.0 = Release|Any CPU
	EndGlobalSection
	GlobalSection(SolutionProperties) = preSolution
		HideSolutionNode = FALSE
	EndGlobalSection
	GlobalSection(ExtensibilityGlobals) = postSolution
		SolutionGuid = {006C95FE-F831-4215-9119-8796CF2B3232}
	EndGlobalSection
EndGlobal
